
Microsoft Visual Studio Solution File, Format Version 12.00
# Visual Studio Version 17
VisualStudioVersion = 17.14.36327.8 d17.14
MinimumVisualStudioVersion = 10.0.40219.1
Project("{FAE04EC0-301F-11D3-BF4B-00C04F79EFBC}") = "SocialMedia.Api", "SocialMedia.Api.csproj", "{28FA1E8B-7E0D-4F20-9E16-DB266E2DB260}"
EndProject
Global
	GlobalSection(SolutionConfigurationPlatforms) = preSolution
		Debug|Any CPU = Debug|Any CPU
		Release|Any CPU = Release|Any CPU
	EndGlobalSection
	GlobalSection(ProjectConfigurationPlatforms) = postSolution
		{28FA1E8B-7E0D-4F20-9E16-DB266E2DB260}.Debug|Any CPU.ActiveCfg = Debug|Any CPU
		{28FA1E8B-7E0D-4F20-9E16-DB266E2DB260}.Debug|Any CPU.Build.0 = Debug|Any CPU
		{28FA1E8B-7E0D-4F20-9E16-DB266E2DB260}.Release|Any CPU.ActiveCfg = Release|Any CPU
		{28FA1E8B-7E0D-4F20-9E16-DB266E2DB260}.Release|Any CPU.Build.0 = Release|Any CPU
	EndGlobalSection
	GlobalSection(SolutionProperties) = preSolution
		HideSolutionNode = FALSE
	EndGlobalSection
	GlobalSection(ExtensibilityGlobals) = postSolution
		SolutionGuid = {322E31D2-BF3B-4DF9-9997-40C18050B1E1}
	EndGlobalSection
EndGlobal
